
Microsoft Visual Studio Solution File, Format Version 11.00
# Visual Studio 2010
Project("{FAE04EC0-301F-11D3-BF4B-00C04F79EFBC}") = "ShellGacUtil", "ShellGacUtil\ShellGacUtil.csproj", "{B887306D-C47B-4A5D-ABEB-746168F702BB}"
EndProject
Project("{930C7802-8A8C-48F9-8165-68863BCCD9DD}") = "ShellGacUtil_Setup", "ShellGacUtilSetup\ShellGacUtil_Setup.wixproj", "{55D1FB86-A2CA-4801-8FB9-103A8D838F44}"
EndProject
Global
	GlobalSection(SolutionConfigurationPlatforms) = preSolution
		Debug|Any CPU = Debug|Any CPU
		Release|Any CPU = Release|Any CPU
	EndGlobalSection
	GlobalSection(ProjectConfigurationPlatforms) = postSolution
		{B887306D-C47B-4A5D-ABEB-746168F702BB}.Debug|Any CPU.ActiveCfg = Debug|Any CPU
		{B887306D-C47B-4A5D-ABEB-746168F702BB}.Debug|Any CPU.Build.0 = Debug|Any CPU
		{B887306D-C47B-4A5D-ABEB-746168F702BB}.Release|Any CPU.ActiveCfg = Release|Any CPU
		{B887306D-C47B-4A5D-ABEB-746168F702BB}.Release|Any CPU.Build.0 = Release|Any CPU
		{55D1FB86-A2CA-4801-8FB9-103A8D838F44}.Debug|Any CPU.ActiveCfg = Debug|x86
		{55D1FB86-A2CA-4801-8FB9-103A8D838F44}.Release|Any CPU.ActiveCfg = Release|x86
		{55D1FB86-A2CA-4801-8FB9-103A8D838F44}.Release|Any CPU.Build.0 = Release|x86
	EndGlobalSection
	GlobalSection(SolutionProperties) = preSolution
		HideSolutionNode = FALSE
	EndGlobalSection
EndGlobal
